<?xml version="1.0" encoding="utf-8"?>
<Project ToolsVersion="4.0" xmlns="http://schemas.microsoft.com/developer/msbuild/2003">
  <ItemGroup>
    <ClCompile Include="TeamWorkGPJHPD.cpp" />
    <ClCompile Include="std_sort.cpp">
      <Filter>SortAlgoritms</Filter>
    </ClCompile>
    <ClCompile Include="DataGenerators.cpp">
      <Filter>Data</Filter>
    </ClCompile>
    <ClCompile Include="bitonic_sort_Pudovnin.cpp">
      <Filter>SortAlgoritms</Filter>
    </ClCompile>
    <ClCompile Include="counting_Sort_by_li.cpp">
      <Filter>SortAlgoritms</Filter>
    </ClCompile>
    <ClCompile Include="merge_sort_by_Petrukhina.cpp">
      <Filter>SortAlgoritms</Filter>
    </ClCompile>
    <ClCompile Include="quick_sort_by_Devyatkina.cpp">
      <Filter>SortAlgoritms</Filter>
    </ClCompile>
    <ClCompile Include="tree_sort_by_Khaysarova.cpp">
      <Filter>SortAlgoritms</Filter>
    </ClCompile>
  </ItemGroup>
  <ItemGroup>
    <ClInclude Include="Data.h">
      <Filter>Data</Filter>
    </ClInclude>
    <ClInclude Include="Algoritms.h">
      <Filter>SortAlgoritms</Filter>
    </ClInclude>
  </ItemGroup>
  <ItemGroup>
    <Filter Include="SortAlgoritms">
      <UniqueIdentifier>{7dd17d66-523c-4596-bfb1-1f9e9308d6ae}</UniqueIdentifier>
    </Filter>
    <Filter Include="Data">
      <UniqueIdentifier>{b417bb3f-60a0-4cee-b196-72e5a5363f86}</UniqueIdentifier>
    </Filter>
  </ItemGroup>
  <ItemGroup>
    <Text Include="result.txt">
      <Filter>Data</Filter>
    </Text>
  </ItemGroup>
</Project>